{
  "name": "personalportfolio",
  "version": "1.0.0",
  "lockfileVersion": 1,
  "requires": true,
  "dependencies": {
    "embla-carousel": {
      "version": "4.0.6",
      "resolved": "https://registry.npmjs.org/embla-carousel/-/embla-carousel-4.0.6.tgz",
      "integrity": "sha512-AJpyxQHom4gRwLFAcjf880OxbeshNd+K1neALdMJsyljUXadTPdTZaRdko6CwD+Z6XT/MzWZuF74bJh8sXM/Yw=="
    }
  }
}
